// !$*UTF8*$!
{
	archiveVersion = 1;
	classes = {
	};
	objectVersion = 77;
	objects = {

/* Begin PBXBuildFile section */
		25A20714AF04043015120222 /* AegisIOSApp.swift in Sources */ = {isa = PBXBuildFile; fileRef = 0883CA17E829EE7DD44C0A3C /* AegisIOSApp.swift */; };
		431A1C1D4A7FAEFF250DEDA5 /* Resources in Resources */ = {isa = PBXBuildFile; fileRef = 33C5CA1A11548C9A5D66980E /* Resources */; };
		8FD2D054E50FB8A71B6DD664 /* AegisStorage in Frameworks */ = {isa = PBXBuildFile; productRef = 5918BA3C657CC0DA2CB8A481 /* AegisStorage */; };
		B476B93C48CADA7296ECFD2A /* AegisApp in Frameworks */ = {isa = PBXBuildFile; productRef = 7B4822D0DB73D58815ACEF75 /* AegisApp */; };
		D1C2243D03BB921A6E2289B3 /* AegisCrypto in Frameworks */ = {isa = PBXBuildFile; productRef = 5D95E7E1364C7DAAA078520C /* AegisCrypto */; };
/* End PBXBuildFile section */

/* Begin PBXFileReference section */
		0883CA17E829EE7DD44C0A3C /* AegisIOSApp.swift */ = {isa = PBXFileReference; lastKnownFileType = sourcecode.swift; path = AegisIOSApp.swift; sourceTree = "<group>"; };
		33C5CA1A11548C9A5D66980E /* Resources */ = {isa = PBXFileReference; lastKnownFileType = folder; name = Resources; path = iOS/Resources; sourceTree = SOURCE_ROOT; };
		8062DAFB759A5F4F2DEA7F6B /* Aegis.app */ = {isa = PBXFileReference; includeInIndex = 0; lastKnownFileType = wrapper.application; path = Aegis.app; sourceTree = BUILT_PRODUCTS_DIR; };
		F90F100A39BA3A1A6D1EE571 /* aegis */ = {isa = PBXFileReference; lastKnownFileType = folder; name = aegis; path = .; sourceTree = SOURCE_ROOT; };
/* End PBXFileReference section */

/* Begin PBXFrameworksBuildPhase section */
		DECD2D07A291A4A02847F866 /* Frameworks */ = {
			isa = PBXFrameworksBuildPhase;
			buildActionMask = 2147483647;
			files = (
				B476B93C48CADA7296ECFD2A /* AegisApp in Frameworks */,
				D1C2243D03BB921A6E2289B3 /* AegisCrypto in Frameworks */,
				8FD2D054E50FB8A71B6DD664 /* AegisStorage in Frameworks */,
			);
			runOnlyForDeploymentPostprocessing = 0;
		};
/* End PBXFrameworksBuildPhase section */

/* Begin PBXGroup section */
		50D0A2A1E229FE1B56E19372 /* Products */ = {
			isa = PBXGroup;
			children = (
				8062DAFB759A5F4F2DEA7F6B /* Aegis.app */,
			);
			name = Products;
			sourceTree = "<group>";
		};
		75D3091B55C949DC25CD1851 = {
			isa = PBXGroup;
			children = (
				AC6E95E89D98DBFB98CC4564 /* Packages */,
				8A1DA03995A94C208797DD31 /* Sources */,
				33C5CA1A11548C9A5D66980E /* Resources */,
				50D0A2A1E229FE1B56E19372 /* Products */,
			);
			sourceTree = "<group>";
		};
		8A1DA03995A94C208797DD31 /* Sources */ = {
			isa = PBXGroup;
			children = (
				0883CA17E829EE7DD44C0A3C /* AegisIOSApp.swift */,
			);
			name = Sources;
			path = iOS/Sources;
			sourceTree = "<group>";
		};
		AC6E95E89D98DBFB98CC4564 /* Packages */ = {
			isa = PBXGroup;
			children = (
				F90F100A39BA3A1A6D1EE571 /* aegis */,
			);
			name = Packages;
			sourceTree = "<group>";
		};
/* End PBXGroup section */

/* Begin PBXNativeTarget section */
		7B29AD1496FC1D1ADFB7B324 /* Aegis */ = {
			isa = PBXNativeTarget;
			buildConfigurationList = 79A2E7CAC3BFF7017714C932 /* Build configuration list for PBXNativeTarget "Aegis" */;
			buildPhases = (
				B2CA4955498C9770B9754440 /* Sources */,
				B3182E8A7010051666B062BC /* Resources */,
				DECD2D07A291A4A02847F866 /* Frameworks */,
			);
			buildRules = (
			);
			dependencies = (
			);
			name = Aegis;
			packageProductDependencies = (
				7B4822D0DB73D58815ACEF75 /* AegisApp */,
				5D95E7E1364C7DAAA078520C /* AegisCrypto */,
				5918BA3C657CC0DA2CB8A481 /* AegisStorage */,
			);
			productName = Aegis;
			productReference = 8062DAFB759A5F4F2DEA7F6B /* Aegis.app */;
			productType = "com.apple.product-type.application";
		};
/* End PBXNativeTarget section */

/* Begin PBXProject section */
		070B476F714B6395707EF14A /* Project object */ = {
			isa = PBXProject;
			attributes = {
				BuildIndependentTargetsInParallel = YES;
				LastUpgradeCheck = 1430;
				TargetAttributes = {
					7B29AD1496FC1D1ADFB7B324 = {
						DevelopmentTeam = "";
						ProvisioningStyle = Automatic;
					};
				};
			};
			buildConfigurationList = 6A1C7E404BB2474D71BAA732 /* Build configuration list for PBXProject "Aegis" */;
			developmentRegion = en;
			hasScannedForEncodings = 0;
			knownRegions = (
				Base,
				en,
			);
			mainGroup = 75D3091B55C949DC25CD1851;
			minimizedProjectReferenceProxies = 1;
			packageReferences = (
				E3572E5E7E70895223AF2D23 /* XCLocalSwiftPackageReference "." */,
			);
			preferredProjectObjectVersion = 77;
			productRefGroup = 50D0A2A1E229FE1B56E19372 /* Products */;
			projectDirPath = "";
			projectRoot = "";
			targets = (
				7B29AD1496FC1D1ADFB7B324 /* Aegis */,
			);
		};
/* End PBXProject section */

/* Begin PBXResourcesBuildPhase section */
		B3182E8A7010051666B062BC /* Resources */ = {
			isa = PBXResourcesBuildPhase;
			buildActionMask = 2147483647;
			files = (
				431A1C1D4A7FAEFF250DEDA5 /* Resources in Resources */,
			);
			runOnlyForDeploymentPostprocessing = 0;
		};
/* End PBXResourcesBuildPhase section */

/* Begin PBXSourcesBuildPhase section */
		B2CA4955498C9770B9754440 /* Sources */ = {
			isa = PBXSourcesBuildPhase;
			buildActionMask = 2147483647;
			files = (
				25A20714AF04043015120222 /* AegisIOSApp.swift in Sources */,
			);
			runOnlyForDeploymentPostprocessing = 0;
		};
/* End PBXSourcesBuildPhase section */

/* Begin XCBuildConfiguration section */
		4C690ABEB5A9286A91E7B6AD /* Debug */ = {
			isa = XCBuildConfiguration;
			buildSettings = {
				ASSETCATALOG_COMPILER_APPICON_NAME = AppIcon;
				ASSETCATALOG_COMPILER_GLOBAL_ACCENT_COLOR_NAME = AccentColor;
				CODE_SIGN_ENTITLEMENTS = iOS/Aegis.entitlements;
				CODE_SIGN_IDENTITY = "iPhone Developer";
				ENABLE_BITCODE = NO;
				ENABLE_USER_SCRIPT_SANDBOXING = YES;
				INFOPLIST_FILE = iOS/Info.plist;
				IPHONEOS_DEPLOYMENT_TARGET = 26.0;
				LD_RUNPATH_SEARCH_PATHS = (
					"$(inherited)",
					"@executable_path/Frameworks",
				);
				PRODUCT_BUNDLE_IDENTIFIER = io.github.demigoddsk.Aegis;
				PRODUCT_NAME = Aegis;
				SDKROOT = iphoneos;
				SUPPORTS_MACCATALYST = NO;
				SWIFT_OBJC_BRIDGING_HEADER = "";
				SWIFT_STRICT_CONCURRENCY = complete;
				TARGETED_DEVICE_FAMILY = "1,2";
			};
			name = Debug;
		};
		57A306347206290EE1D4F1E6 /* Release */ = {
			isa = XCBuildConfiguration;
			buildSettings = {
				ALWAYS_SEARCH_USER_PATHS = NO;
				CLANG_ANALYZER_NONNULL = YES;
				CLANG_ANALYZER_NUMBER_OBJECT_CONVERSION = YES_AGGRESSIVE;
				CLANG_CXX_LANGUAGE_STANDARD = "gnu++14";
				CLANG_CXX_LIBRARY = "libc++";
				CLANG_ENABLE_MODULES = YES;
				CLANG_ENABLE_OBJC_ARC = YES;
				CLANG_ENABLE_OBJC_WEAK = YES;
				CLANG_WARN_BLOCK_CAPTURE_AUTORELEASING = YES;
				CLANG_WARN_BOOL_CONVERSION = YES;
				CLANG_WARN_COMMA = YES;
				CLANG_WARN_CONSTANT_CONVERSION = YES;
				CLANG_WARN_DEPRECATED_OBJC_IMPLEMENTATIONS = YES;
				CLANG_WARN_DIRECT_OBJC_ISA_USAGE = YES_ERROR;
				CLANG_WARN_DOCUMENTATION_COMMENTS = YES;
				CLANG_WARN_EMPTY_BODY = YES;
				CLANG_WARN_ENUM_CONVERSION = YES;
				CLANG_WARN_INFINITE_RECURSION = YES;
				CLANG_WARN_INT_CONVERSION = YES;
				CLANG_WARN_NON_LITERAL_NULL_CONVERSION = YES;
				CLANG_WARN_OBJC_IMPLICIT_RETAIN_SELF = YES;
				CLANG_WARN_OBJC_LITERAL_CONVERSION = YES;
				CLANG_WARN_OBJC_ROOT_CLASS = YES_ERROR;
				CLANG_WARN_QUOTED_INCLUDE_IN_FRAMEWORK_HEADER = YES;
				CLANG_WARN_RANGE_LOOP_ANALYSIS = YES;
				CLANG_WARN_STRICT_PROTOTYPES = YES;
				CLANG_WARN_SUSPICIOUS_MOVE = YES;
				CLANG_WARN_UNGUARDED_AVAILABILITY = YES_AGGRESSIVE;
				CLANG_WARN_UNREACHABLE_CODE = YES;
				CLANG_WARN__DUPLICATE_METHOD_MATCH = YES;
				CODE_SIGN_STYLE = Automatic;
				COPY_PHASE_STRIP = NO;
				DEBUG_INFORMATION_FORMAT = "dwarf-with-dsym";
				DEVELOPMENT_TEAM = "";
				ENABLE_NS_ASSERTIONS = NO;
				ENABLE_STRICT_OBJC_MSGSEND = YES;
				GCC_C_LANGUAGE_STANDARD = gnu11;
				GCC_NO_COMMON_BLOCKS = YES;
				GCC_WARN_64_TO_32_BIT_CONVERSION = YES;
				GCC_WARN_ABOUT_RETURN_TYPE = YES_ERROR;
				GCC_WARN_UNDECLARED_SELECTOR = YES;
				GCC_WARN_UNINITIALIZED_AUTOS = YES_AGGRESSIVE;
				GCC_WARN_UNUSED_FUNCTION = YES;
				GCC_WARN_UNUSED_VARIABLE = YES;
				IPHONEOS_DEPLOYMENT_TARGET = 26.0;
				MTL_ENABLE_DEBUG_INFO = NO;
				MTL_FAST_MATH = YES;
				PRODUCT_NAME = "$(TARGET_NAME)";
				SDKROOT = iphoneos;
				SWIFT_COMPILATION_MODE = wholemodule;
				SWIFT_OPTIMIZATION_LEVEL = "-O";
				SWIFT_VERSION = 6.2;
			};
			name = Release;
		};
		5EC24325B7D8C4403E0D7497 /* Debug */ = {
			isa = XCBuildConfiguration;
			buildSettings = {
				ALWAYS_SEARCH_USER_PATHS = NO;
				CLANG_ANALYZER_NONNULL = YES;
				CLANG_ANALYZER_NUMBER_OBJECT_CONVERSION = YES_AGGRESSIVE;
				CLANG_CXX_LANGUAGE_STANDARD = "gnu++14";
				CLANG_CXX_LIBRARY = "libc++";
				CLANG_ENABLE_MODULES = YES;
				CLANG_ENABLE_OBJC_ARC = YES;
				CLANG_ENABLE_OBJC_WEAK = YES;
				CLANG_WARN_BLOCK_CAPTURE_AUTORELEASING = YES;
				CLANG_WARN_BOOL_CONVERSION = YES;
				CLANG_WARN_COMMA = YES;
				CLANG_WARN_CONSTANT_CONVERSION = YES;
				CLANG_WARN_DEPRECATED_OBJC_IMPLEMENTATIONS = YES;
				CLANG_WARN_DIRECT_OBJC_ISA_USAGE = YES_ERROR;
				CLANG_WARN_DOCUMENTATION_COMMENTS = YES;
				CLANG_WARN_EMPTY_BODY = YES;
				CLANG_WARN_ENUM_CONVERSION = YES;
				CLANG_WARN_INFINITE_RECURSION = YES;
				CLANG_WARN_INT_CONVERSION = YES;
				CLANG_WARN_NON_LITERAL_NULL_CONVERSION = YES;
				CLANG_WARN_OBJC_IMPLICIT_RETAIN_SELF = YES;
				CLANG_WARN_OBJC_LITERAL_CONVERSION = YES;
				CLANG_WARN_OBJC_ROOT_CLASS = YES_ERROR;
				CLANG_WARN_QUOTED_INCLUDE_IN_FRAMEWORK_HEADER = YES;
				CLANG_WARN_RANGE_LOOP_ANALYSIS = YES;
				CLANG_WARN_STRICT_PROTOTYPES = YES;
				CLANG_WARN_SUSPICIOUS_MOVE = YES;
				CLANG_WARN_UNGUARDED_AVAILABILITY = YES_AGGRESSIVE;
				CLANG_WARN_UNREACHABLE_CODE = YES;
				CLANG_WARN__DUPLICATE_METHOD_MATCH = YES;
				CODE_SIGN_STYLE = Automatic;
				COPY_PHASE_STRIP = NO;
				DEBUG_INFORMATION_FORMAT = dwarf;
				DEVELOPMENT_TEAM = "";
				ENABLE_STRICT_OBJC_MSGSEND = YES;
				ENABLE_TESTABILITY = YES;
				GCC_C_LANGUAGE_STANDARD = gnu11;
				GCC_DYNAMIC_NO_PIC = NO;
				GCC_NO_COMMON_BLOCKS = YES;
				GCC_OPTIMIZATION_LEVEL = 0;
				GCC_PREPROCESSOR_DEFINITIONS = (
					"$(inherited)",
					"DEBUG=1",
				);
				GCC_WARN_64_TO_32_BIT_CONVERSION = YES;
				GCC_WARN_ABOUT_RETURN_TYPE = YES_ERROR;
				GCC_WARN_UNDECLARED_SELECTOR = YES;
				GCC_WARN_UNINITIALIZED_AUTOS = YES_AGGRESSIVE;
				GCC_WARN_UNUSED_FUNCTION = YES;
				GCC_WARN_UNUSED_VARIABLE = YES;
				IPHONEOS_DEPLOYMENT_TARGET = 26.0;
				MTL_ENABLE_DEBUG_INFO = INCLUDE_SOURCE;
				MTL_FAST_MATH = YES;
				ONLY_ACTIVE_ARCH = YES;
				PRODUCT_NAME = "$(TARGET_NAME)";
				SDKROOT = iphoneos;
				SWIFT_ACTIVE_COMPILATION_CONDITIONS = DEBUG;
				SWIFT_OPTIMIZATION_LEVEL = "-Onone";
				SWIFT_VERSION = 6.2;
			};
			name = Debug;
		};
		67F8921229C0A0B1FBF8DBAA /* Release */ = {
			isa = XCBuildConfiguration;
			buildSettings = {
				ASSETCATALOG_COMPILER_APPICON_NAME = AppIcon;
				ASSETCATALOG_COMPILER_GLOBAL_ACCENT_COLOR_NAME = AccentColor;
				CODE_SIGN_ENTITLEMENTS = iOS/Aegis.entitlements;
				CODE_SIGN_IDENTITY = "iPhone Developer";
				ENABLE_BITCODE = NO;
				ENABLE_USER_SCRIPT_SANDBOXING = YES;
				INFOPLIST_FILE = iOS/Info.plist;
				IPHONEOS_DEPLOYMENT_TARGET = 26.0;
				LD_RUNPATH_SEARCH_PATHS = (
					"$(inherited)",
					"@executable_path/Frameworks",
				);
				PRODUCT_BUNDLE_IDENTIFIER = io.github.demigoddsk.Aegis;
				PRODUCT_NAME = Aegis;
				SDKROOT = iphoneos;
				SUPPORTS_MACCATALYST = NO;
				SWIFT_OBJC_BRIDGING_HEADER = "";
				SWIFT_STRICT_CONCURRENCY = complete;
				TARGETED_DEVICE_FAMILY = "1,2";
			};
			name = Release;
		};
/* End XCBuildConfiguration section */

/* Begin XCConfigurationList section */
		6A1C7E404BB2474D71BAA732 /* Build configuration list for PBXProject "Aegis" */ = {
			isa = XCConfigurationList;
			buildConfigurations = (
				5EC24325B7D8C4403E0D7497 /* Debug */,
				57A306347206290EE1D4F1E6 /* Release */,
			);
			defaultConfigurationIsVisible = 0;
			defaultConfigurationName = Debug;
		};
		79A2E7CAC3BFF7017714C932 /* Build configuration list for PBXNativeTarget "Aegis" */ = {
			isa = XCConfigurationList;
			buildConfigurations = (
				4C690ABEB5A9286A91E7B6AD /* Debug */,
				67F8921229C0A0B1FBF8DBAA /* Release */,
			);
			defaultConfigurationIsVisible = 0;
			defaultConfigurationName = Debug;
		};
/* End XCConfigurationList section */

/* Begin XCLocalSwiftPackageReference section */
		E3572E5E7E70895223AF2D23 /* XCLocalSwiftPackageReference "." */ = {
			isa = XCLocalSwiftPackageReference;
			relativePath = .;
		};
/* End XCLocalSwiftPackageReference section */

/* Begin XCSwiftPackageProductDependency section */
		5918BA3C657CC0DA2CB8A481 /* AegisStorage */ = {
			isa = XCSwiftPackageProductDependency;
			productName = AegisStorage;
		};
		5D95E7E1364C7DAAA078520C /* AegisCrypto */ = {
			isa = XCSwiftPackageProductDependency;
			productName = AegisCrypto;
		};
		7B4822D0DB73D58815ACEF75 /* AegisApp */ = {
			isa = XCSwiftPackageProductDependency;
			productName = AegisApp;
		};
/* End XCSwiftPackageProductDependency section */
	};
	rootObject = 070B476F714B6395707EF14A /* Project object */;
}
